
Microsoft Visual Studio Solution File, Format Version 12.00
# Visual Studio Version 16
VisualStudioVersion = 16.0.34407.143
MinimumVisualStudioVersion = 10.0.40219.1
Project("{FAE04EC0-301F-11D3-BF4B-00C04F79EFBC}") = "4.MergeFiles2", "4.MergeFiles2.csproj", "{802C4964-DF5E-4D0E-9D1E-31122C95763F}"
EndProject
Global
	GlobalSection(SolutionConfigurationPlatforms) = preSolution
		Debug|Any CPU = Debug|Any CPU
		Release|Any CPU = Release|Any CPU
	EndGlobalSection
	GlobalSection(ProjectConfigurationPlatforms) = postSolution
		{802C4964-DF5E-4D0E-9D1E-31122C95763F}.Debug|Any CPU.ActiveCfg = Debug|Any CPU
		{802C4964-DF5E-4D0E-9D1E-31122C95763F}.Debug|Any CPU.Build.0 = Debug|Any CPU
		{802C4964-DF5E-4D0E-9D1E-31122C95763F}.Release|Any CPU.ActiveCfg = Release|Any CPU
		{802C4964-DF5E-4D0E-9D1E-31122C95763F}.Release|Any CPU.Build.0 = Release|Any CPU
	EndGlobalSection
	GlobalSection(SolutionProperties) = preSolution
		HideSolutionNode = FALSE
	EndGlobalSection
	GlobalSection(ExtensibilityGlobals) = postSolution
		SolutionGuid = {A293FC51-4E7A-44FA-9CB0-AC51A6DC311F}
	EndGlobalSection
EndGlobal
